
Microsoft Visual Studio Solution File, Format Version 12.00
# Visual Studio 15
VisualStudioVersion = 15.0.27130.2036
MinimumVisualStudioVersion = 10.0.40219.1
Project("{FAE04EC0-301F-11D3-BF4B-00C04F79EFBC}") = "3.3", "3.3\3.3.csproj", "{AC6A3698-EDE6-406D-8E5A-CB3B23134F51}"
EndProject
Project("{FAE04EC0-301F-11D3-BF4B-00C04F79EFBC}") = "4.1 초기화와 관련된 관용구", "4.1 초기화와 관련된 관용구\4.1 초기화와 관련된 관용구.csproj", "{0F7F3D7A-75B6-445B-A792-D39AB62769CE}"
EndProject
Project("{FAE04EC0-301F-11D3-BF4B-00C04F79EFBC}") = "연습문제 3장", "연습문제 3장\연습문제 3장.csproj", "{C2356248-05F3-4BA7-8D36-71568B14D0D6}"
EndProject
Project("{FAE04EC0-301F-11D3-BF4B-00C04F79EFBC}") = "3장 연습문제 정답", "3장 연습문제 정답\3장 연습문제 정답.csproj", "{C9E1BBD8-2DEA-4BCC-85BF-C111D1D45D12}"
EndProject
Project("{FAE04EC0-301F-11D3-BF4B-00C04F79EFBC}") = "chap 4.2", "chap 4.2\chap 4.2.csproj", "{53070092-AAD4-4F14-9DD0-6067D1DED2CA}"
EndProject
Project("{FAE04EC0-301F-11D3-BF4B-00C04F79EFBC}") = "chap 4.3", "chap 4.3\chap 4.3.csproj", "{91D636B5-AFE6-46AC-8FA4-B815125E3335}"
EndProject
Global
	GlobalSection(SolutionConfigurationPlatforms) = preSolution
		Debug|Any CPU = Debug|Any CPU
		Release|Any CPU = Release|Any CPU
	EndGlobalSection
	GlobalSection(ProjectConfigurationPlatforms) = postSolution
		{AC6A3698-EDE6-406D-8E5A-CB3B23134F51}.Debug|Any CPU.ActiveCfg = Debug|Any CPU
		{AC6A3698-EDE6-406D-8E5A-CB3B23134F51}.Debug|Any CPU.Build.0 = Debug|Any CPU
		{AC6A3698-EDE6-406D-8E5A-CB3B23134F51}.Release|Any CPU.ActiveCfg = Release|Any CPU
		{AC6A3698-EDE6-406D-8E5A-CB3B23134F51}.Release|Any CPU.Build.0 = Release|Any CPU
		{0F7F3D7A-75B6-445B-A792-D39AB62769CE}.Debug|Any CPU.ActiveCfg = Debug|Any CPU
		{0F7F3D7A-75B6-445B-A792-D39AB62769CE}.Debug|Any CPU.Build.0 = Debug|Any CPU
		{0F7F3D7A-75B6-445B-A792-D39AB62769CE}.Release|Any CPU.ActiveCfg = Release|Any CPU
		{0F7F3D7A-75B6-445B-A792-D39AB62769CE}.Release|Any CPU.Build.0 = Release|Any CPU
		{C2356248-05F3-4BA7-8D36-71568B14D0D6}.Debug|Any CPU.ActiveCfg = Debug|Any CPU
		{C2356248-05F3-4BA7-8D36-71568B14D0D6}.Debug|Any CPU.Build.0 = Debug|Any CPU
		{C2356248-05F3-4BA7-8D36-71568B14D0D6}.Release|Any CPU.ActiveCfg = Release|Any CPU
		{C2356248-05F3-4BA7-8D36-71568B14D0D6}.Release|Any CPU.Build.0 = Release|Any CPU
		{C9E1BBD8-2DEA-4BCC-85BF-C111D1D45D12}.Debug|Any CPU.ActiveCfg = Debug|Any CPU
		{C9E1BBD8-2DEA-4BCC-85BF-C111D1D45D12}.Debug|Any CPU.Build.0 = Debug|Any CPU
		{C9E1BBD8-2DEA-4BCC-85BF-C111D1D45D12}.Release|Any CPU.ActiveCfg = Release|Any CPU
		{C9E1BBD8-2DEA-4BCC-85BF-C111D1D45D12}.Release|Any CPU.Build.0 = Release|Any CPU
		{53070092-AAD4-4F14-9DD0-6067D1DED2CA}.Debug|Any CPU.ActiveCfg = Debug|Any CPU
		{53070092-AAD4-4F14-9DD0-6067D1DED2CA}.Debug|Any CPU.Build.0 = Debug|Any CPU
		{53070092-AAD4-4F14-9DD0-6067D1DED2CA}.Release|Any CPU.ActiveCfg = Release|Any CPU
		{53070092-AAD4-4F14-9DD0-6067D1DED2CA}.Release|Any CPU.Build.0 = Release|Any CPU
		{91D636B5-AFE6-46AC-8FA4-B815125E3335}.Debug|Any CPU.ActiveCfg = Debug|Any CPU
		{91D636B5-AFE6-46AC-8FA4-B815125E3335}.Debug|Any CPU.Build.0 = Debug|Any CPU
		{91D636B5-AFE6-46AC-8FA4-B815125E3335}.Release|Any CPU.ActiveCfg = Release|Any CPU
		{91D636B5-AFE6-46AC-8FA4-B815125E3335}.Release|Any CPU.Build.0 = Release|Any CPU
	EndGlobalSection
	GlobalSection(SolutionProperties) = preSolution
		HideSolutionNode = FALSE
	EndGlobalSection
	GlobalSection(ExtensibilityGlobals) = postSolution
		SolutionGuid = {75564B80-BC02-4CB1-974E-3736FB721157}
	EndGlobalSection
EndGlobal
