
Microsoft Visual Studio Solution File, Format Version 12.00
# Visual Studio 15
VisualStudioVersion = 15.0.27130.2036
MinimumVisualStudioVersion = 10.0.40219.1
Project("{FAE04EC0-301F-11D3-BF4B-00C04F79EFBC}") = "3.3", "3.3\3.3.csproj", "{AC6A3698-EDE6-406D-8E5A-CB3B23134F51}"
EndProject
Project("{FAE04EC0-301F-11D3-BF4B-00C04F79EFBC}") = "4.1 초기화와 관련된 관용구", "4.1 초기화와 관련된 관용구\4.1 초기화와 관련된 관용구.csproj", "{0F7F3D7A-75B6-445B-A792-D39AB62769CE}"
EndProject
Project("{FAE04EC0-301F-11D3-BF4B-00C04F79EFBC}") = "연습문제 3장", "연습문제 3장\연습문제 3장.csproj", "{C2356248-05F3-4BA7-8D36-71568B14D0D6}"
EndProject
Project("{FAE04EC0-301F-11D3-BF4B-00C04F79EFBC}") = "3장 연습문제 정답", "3장 연습문제 정답\3장 연습문제 정답.csproj", "{C9E1BBD8-2DEA-4BCC-85BF-C111D1D45D12}"
EndProject
Project("{FAE04EC0-301F-11D3-BF4B-00C04F79EFBC}") = "chap 4.2", "chap 4.2\chap 4.2.csproj", "{53070092-AAD4-4F14-9DD0-6067D1DED2CA}"
EndProject
Project("{FAE04EC0-301F-11D3-BF4B-00C04F79EFBC}") = "chap 4.3", "chap 4.3\chap 4.3.csproj", "{91D636B5-AFE6-46AC-8FA4-B815125E3335}"
EndProject
Project("{FAE04EC0-301F-11D3-BF4B-00C04F79EFBC}") = "ch 4.4", "ch 4.4\ch 4.4.csproj", "{A0909C43-6C53-457C-9591-0432840A11C4}"
EndProject
Project("{FAE04EC0-301F-11D3-BF4B-00C04F79EFBC}") = "5장", "5장\5장.csproj", "{B5F8EEFF-7B4F-48CA-A49A-CBA06E32C357}"
EndProject
Project("{FAE04EC0-301F-11D3-BF4B-00C04F79EFBC}") = "6장", "6장\6장.csproj", "{70AD01AA-7FB8-4B0C-BCF0-FB07034EF656}"
EndProject
Project("{FAE04EC0-301F-11D3-BF4B-00C04F79EFBC}") = "7장", "7장\7장.csproj", "{51A146BF-6F20-4ACB-A513-E6EF9A5DD73E}"
EndProject
Project("{FAE04EC0-301F-11D3-BF4B-00C04F79EFBC}") = "4-5장 연습문제", "4-5장 연습문제\4-5장 연습문제.csproj", "{FE16A314-7E84-490D-A463-7AF33AAF88CE}"
EndProject
Project("{FAE04EC0-301F-11D3-BF4B-00C04F79EFBC}") = "7장 연습문제", "7장 연습문제\7장 연습문제.csproj", "{7FE99559-CABA-43D9-9E31-DC4396941822}"
EndProject
Project("{FAE04EC0-301F-11D3-BF4B-00C04F79EFBC}") = "7장 연습문제 정답", "7장 연습문제 정답\7장 연습문제 정답.csproj", "{80BFBC9D-A586-4455-A65A-48830EE55A67}"
EndProject
Project("{FAE04EC0-301F-11D3-BF4B-00C04F79EFBC}") = "8장", "8장\8장.csproj", "{E4CB0ADA-DDB7-439D-8717-E04D777154D1}"
EndProject
Project("{FAE04EC0-301F-11D3-BF4B-00C04F79EFBC}") = "9장", "9장\9장.csproj", "{2ED9D245-0621-4777-A113-58D562A2689D}"
EndProject
Project("{FAE04EC0-301F-11D3-BF4B-00C04F79EFBC}") = "10장", "10장\10장.csproj", "{E37BEF9F-2D40-4A07-998B-2F966B6A7F6B}"
EndProject
Project("{FAE04EC0-301F-11D3-BF4B-00C04F79EFBC}") = "10장연습문제", "10장연습문제\10장연습문제.csproj", "{63043E87-0C33-416F-B273-2C6C324F66E8}"
EndProject
Project("{FAE04EC0-301F-11D3-BF4B-00C04F79EFBC}") = "11장", "11장\11장.csproj", "{2512F5AD-82A7-4DCD-92B2-664CC018C0CC}"
EndProject
Project("{FAE04EC0-301F-11D3-BF4B-00C04F79EFBC}") = "11장 연습문제", "11장 연습문제\11장 연습문제.csproj", "{B8744C37-5453-47BA-BF74-5258D072EE00}"
EndProject
Global
	GlobalSection(SolutionConfigurationPlatforms) = preSolution
		Debug|Any CPU = Debug|Any CPU
		Release|Any CPU = Release|Any CPU
	EndGlobalSection
	GlobalSection(ProjectConfigurationPlatforms) = postSolution
		{AC6A3698-EDE6-406D-8E5A-CB3B23134F51}.Debug|Any CPU.ActiveCfg = Debug|Any CPU
		{AC6A3698-EDE6-406D-8E5A-CB3B23134F51}.Debug|Any CPU.Build.0 = Debug|Any CPU
		{AC6A3698-EDE6-406D-8E5A-CB3B23134F51}.Release|Any CPU.ActiveCfg = Release|Any CPU
		{AC6A3698-EDE6-406D-8E5A-CB3B23134F51}.Release|Any CPU.Build.0 = Release|Any CPU
		{0F7F3D7A-75B6-445B-A792-D39AB62769CE}.Debug|Any CPU.ActiveCfg = Debug|Any CPU
		{0F7F3D7A-75B6-445B-A792-D39AB62769CE}.Debug|Any CPU.Build.0 = Debug|Any CPU
		{0F7F3D7A-75B6-445B-A792-D39AB62769CE}.Release|Any CPU.ActiveCfg = Release|Any CPU
		{0F7F3D7A-75B6-445B-A792-D39AB62769CE}.Release|Any CPU.Build.0 = Release|Any CPU
		{C2356248-05F3-4BA7-8D36-71568B14D0D6}.Debug|Any CPU.ActiveCfg = Debug|Any CPU
		{C2356248-05F3-4BA7-8D36-71568B14D0D6}.Debug|Any CPU.Build.0 = Debug|Any CPU
		{C2356248-05F3-4BA7-8D36-71568B14D0D6}.Release|Any CPU.ActiveCfg = Release|Any CPU
		{C2356248-05F3-4BA7-8D36-71568B14D0D6}.Release|Any CPU.Build.0 = Release|Any CPU
		{C9E1BBD8-2DEA-4BCC-85BF-C111D1D45D12}.Debug|Any CPU.ActiveCfg = Debug|Any CPU
		{C9E1BBD8-2DEA-4BCC-85BF-C111D1D45D12}.Debug|Any CPU.Build.0 = Debug|Any CPU
		{C9E1BBD8-2DEA-4BCC-85BF-C111D1D45D12}.Release|Any CPU.ActiveCfg = Release|Any CPU
		{C9E1BBD8-2DEA-4BCC-85BF-C111D1D45D12}.Release|Any CPU.Build.0 = Release|Any CPU
		{53070092-AAD4-4F14-9DD0-6067D1DED2CA}.Debug|Any CPU.ActiveCfg = Debug|Any CPU
		{53070092-AAD4-4F14-9DD0-6067D1DED2CA}.Debug|Any CPU.Build.0 = Debug|Any CPU
		{53070092-AAD4-4F14-9DD0-6067D1DED2CA}.Release|Any CPU.ActiveCfg = Release|Any CPU
		{53070092-AAD4-4F14-9DD0-6067D1DED2CA}.Release|Any CPU.Build.0 = Release|Any CPU
		{91D636B5-AFE6-46AC-8FA4-B815125E3335}.Debug|Any CPU.ActiveCfg = Debug|Any CPU
		{91D636B5-AFE6-46AC-8FA4-B815125E3335}.Debug|Any CPU.Build.0 = Debug|Any CPU
		{91D636B5-AFE6-46AC-8FA4-B815125E3335}.Release|Any CPU.ActiveCfg = Release|Any CPU
		{91D636B5-AFE6-46AC-8FA4-B815125E3335}.Release|Any CPU.Build.0 = Release|Any CPU
		{A0909C43-6C53-457C-9591-0432840A11C4}.Debug|Any CPU.ActiveCfg = Debug|Any CPU
		{A0909C43-6C53-457C-9591-0432840A11C4}.Debug|Any CPU.Build.0 = Debug|Any CPU
		{A0909C43-6C53-457C-9591-0432840A11C4}.Release|Any CPU.ActiveCfg = Release|Any CPU
		{A0909C43-6C53-457C-9591-0432840A11C4}.Release|Any CPU.Build.0 = Release|Any CPU
		{B5F8EEFF-7B4F-48CA-A49A-CBA06E32C357}.Debug|Any CPU.ActiveCfg = Debug|Any CPU
		{B5F8EEFF-7B4F-48CA-A49A-CBA06E32C357}.Debug|Any CPU.Build.0 = Debug|Any CPU
		{B5F8EEFF-7B4F-48CA-A49A-CBA06E32C357}.Release|Any CPU.ActiveCfg = Release|Any CPU
		{B5F8EEFF-7B4F-48CA-A49A-CBA06E32C357}.Release|Any CPU.Build.0 = Release|Any CPU
		{70AD01AA-7FB8-4B0C-BCF0-FB07034EF656}.Debug|Any CPU.ActiveCfg = Debug|Any CPU
		{70AD01AA-7FB8-4B0C-BCF0-FB07034EF656}.Debug|Any CPU.Build.0 = Debug|Any CPU
		{70AD01AA-7FB8-4B0C-BCF0-FB07034EF656}.Release|Any CPU.ActiveCfg = Release|Any CPU
		{70AD01AA-7FB8-4B0C-BCF0-FB07034EF656}.Release|Any CPU.Build.0 = Release|Any CPU
		{51A146BF-6F20-4ACB-A513-E6EF9A5DD73E}.Debug|Any CPU.ActiveCfg = Debug|Any CPU
		{51A146BF-6F20-4ACB-A513-E6EF9A5DD73E}.Debug|Any CPU.Build.0 = Debug|Any CPU
		{51A146BF-6F20-4ACB-A513-E6EF9A5DD73E}.Release|Any CPU.ActiveCfg = Release|Any CPU
		{51A146BF-6F20-4ACB-A513-E6EF9A5DD73E}.Release|Any CPU.Build.0 = Release|Any CPU
		{FE16A314-7E84-490D-A463-7AF33AAF88CE}.Debug|Any CPU.ActiveCfg = Debug|Any CPU
		{FE16A314-7E84-490D-A463-7AF33AAF88CE}.Debug|Any CPU.Build.0 = Debug|Any CPU
		{FE16A314-7E84-490D-A463-7AF33AAF88CE}.Release|Any CPU.ActiveCfg = Release|Any CPU
		{FE16A314-7E84-490D-A463-7AF33AAF88CE}.Release|Any CPU.Build.0 = Release|Any CPU
		{7FE99559-CABA-43D9-9E31-DC4396941822}.Debug|Any CPU.ActiveCfg = Debug|Any CPU
		{7FE99559-CABA-43D9-9E31-DC4396941822}.Debug|Any CPU.Build.0 = Debug|Any CPU
		{7FE99559-CABA-43D9-9E31-DC4396941822}.Release|Any CPU.ActiveCfg = Release|Any CPU
		{7FE99559-CABA-43D9-9E31-DC4396941822}.Release|Any CPU.Build.0 = Release|Any CPU
		{80BFBC9D-A586-4455-A65A-48830EE55A67}.Debug|Any CPU.ActiveCfg = Debug|Any CPU
		{80BFBC9D-A586-4455-A65A-48830EE55A67}.Debug|Any CPU.Build.0 = Debug|Any CPU
		{80BFBC9D-A586-4455-A65A-48830EE55A67}.Release|Any CPU.ActiveCfg = Release|Any CPU
		{80BFBC9D-A586-4455-A65A-48830EE55A67}.Release|Any CPU.Build.0 = Release|Any CPU
		{E4CB0ADA-DDB7-439D-8717-E04D777154D1}.Debug|Any CPU.ActiveCfg = Debug|Any CPU
		{E4CB0ADA-DDB7-439D-8717-E04D777154D1}.Debug|Any CPU.Build.0 = Debug|Any CPU
		{E4CB0ADA-DDB7-439D-8717-E04D777154D1}.Release|Any CPU.ActiveCfg = Release|Any CPU
		{E4CB0ADA-DDB7-439D-8717-E04D777154D1}.Release|Any CPU.Build.0 = Release|Any CPU
		{2ED9D245-0621-4777-A113-58D562A2689D}.Debug|Any CPU.ActiveCfg = Debug|Any CPU
		{2ED9D245-0621-4777-A113-58D562A2689D}.Debug|Any CPU.Build.0 = Debug|Any CPU
		{2ED9D245-0621-4777-A113-58D562A2689D}.Release|Any CPU.ActiveCfg = Release|Any CPU
		{2ED9D245-0621-4777-A113-58D562A2689D}.Release|Any CPU.Build.0 = Release|Any CPU
		{E37BEF9F-2D40-4A07-998B-2F966B6A7F6B}.Debug|Any CPU.ActiveCfg = Debug|Any CPU
		{E37BEF9F-2D40-4A07-998B-2F966B6A7F6B}.Debug|Any CPU.Build.0 = Debug|Any CPU
		{E37BEF9F-2D40-4A07-998B-2F966B6A7F6B}.Release|Any CPU.ActiveCfg = Release|Any CPU
		{E37BEF9F-2D40-4A07-998B-2F966B6A7F6B}.Release|Any CPU.Build.0 = Release|Any CPU
		{63043E87-0C33-416F-B273-2C6C324F66E8}.Debug|Any CPU.ActiveCfg = Debug|Any CPU
		{63043E87-0C33-416F-B273-2C6C324F66E8}.Debug|Any CPU.Build.0 = Debug|Any CPU
		{63043E87-0C33-416F-B273-2C6C324F66E8}.Release|Any CPU.ActiveCfg = Release|Any CPU
		{63043E87-0C33-416F-B273-2C6C324F66E8}.Release|Any CPU.Build.0 = Release|Any CPU
		{2512F5AD-82A7-4DCD-92B2-664CC018C0CC}.Debug|Any CPU.ActiveCfg = Debug|Any CPU
		{2512F5AD-82A7-4DCD-92B2-664CC018C0CC}.Debug|Any CPU.Build.0 = Debug|Any CPU
		{2512F5AD-82A7-4DCD-92B2-664CC018C0CC}.Release|Any CPU.ActiveCfg = Release|Any CPU
		{2512F5AD-82A7-4DCD-92B2-664CC018C0CC}.Release|Any CPU.Build.0 = Release|Any CPU
		{B8744C37-5453-47BA-BF74-5258D072EE00}.Debug|Any CPU.ActiveCfg = Debug|Any CPU
		{B8744C37-5453-47BA-BF74-5258D072EE00}.Debug|Any CPU.Build.0 = Debug|Any CPU
		{B8744C37-5453-47BA-BF74-5258D072EE00}.Release|Any CPU.ActiveCfg = Release|Any CPU
		{B8744C37-5453-47BA-BF74-5258D072EE00}.Release|Any CPU.Build.0 = Release|Any CPU
	EndGlobalSection
	GlobalSection(SolutionProperties) = preSolution
		HideSolutionNode = FALSE
	EndGlobalSection
	GlobalSection(ExtensibilityGlobals) = postSolution
		SolutionGuid = {75564B80-BC02-4CB1-974E-3736FB721157}
	EndGlobalSection
EndGlobal
